// !$*UTF8*$!
{
	archiveVersion = 1;
	classes = {
	};
	objectVersion = 46;
	objects = {

/* Begin PBXBuildFile section */
		1853731D1E481151005DE265 /* main.m in Sources */ = {isa = PBXBuildFile; fileRef = 1853731C1E481151005DE265 /* main.m */; };
		185373201E481151005DE265 /* AppDelegate.m in Sources */ = {isa = PBXBuildFile; fileRef = 1853731F1E481151005DE265 /* AppDelegate.m */; };
		185373231E481151005DE265 /* ViewController.m in Sources */ = {isa = PBXBuildFile; fileRef = 185373221E481151005DE265 /* ViewController.m */; };
		185373261E481151005DE265 /* Main.storyboard in Resources */ = {isa = PBXBuildFile; fileRef = 185373241E481151005DE265 /* Main.storyboard */; };
		185373281E481151005DE265 /* Images.xcassets in Resources */ = {isa = PBXBuildFile; fileRef = 185373271E481151005DE265 /* Images.xcassets */; };
		1853732B1E481152005DE265 /* LaunchScreen.xib in Resources */ = {isa = PBXBuildFile; fileRef = 185373291E481152005DE265 /* LaunchScreen.xib */; };
		185373371E481152005DE265 /* TeddyStarDemoTests.m in Sources */ = {isa = PBXBuildFile; fileRef = 185373361E481152005DE265 /* TeddyStarDemoTests.m */; };
		185373431E48116D005DE265 /* TedStarRateView.m in Sources */ = {isa = PBXBuildFile; fileRef = 185373421E48116D005DE265 /* TedStarRateView.m */; };
		185373461E4811A0005DE265 /* star_yellow@2x.png in Resources */ = {isa = PBXBuildFile; fileRef = 185373441E4811A0005DE265 /* star_yellow@2x.png */; };
		185373471E4811A0005DE265 /* star_gray@2x.png in Resources */ = {isa = PBXBuildFile; fileRef = 185373451E4811A0005DE265 /* star_gray@2x.png */; };
		1853734A1E481238005DE265 /* MakeScoreView.m in Sources */ = {isa = PBXBuildFile; fileRef = 185373491E481238005DE265 /* MakeScoreView.m */; };
		189F96F01E48149A000DDF3C /* LICENSE in Resources */ = {isa = PBXBuildFile; fileRef = 189F96D41E48149A000DDF3C /* LICENSE */; };
		189F96F11E48149A000DDF3C /* MASCompositeConstraint.m in Sources */ = {isa = PBXBuildFile; fileRef = 189F96D71E48149A000DDF3C /* MASCompositeConstraint.m */; };
		189F96F21E48149A000DDF3C /* MASConstraint.m in Sources */ = {isa = PBXBuildFile; fileRef = 189F96DA1E48149A000DDF3C /* MASConstraint.m */; };
		189F96F31E48149A000DDF3C /* MASConstraintMaker.m in Sources */ = {isa = PBXBuildFile; fileRef = 189F96DC1E48149A000DDF3C /* MASConstraintMaker.m */; };
		189F96F41E48149A000DDF3C /* MASLayoutConstraint.m in Sources */ = {isa = PBXBuildFile; fileRef = 189F96DE1E48149A000DDF3C /* MASLayoutConstraint.m */; };
		189F96F51E48149A000DDF3C /* MASViewAttribute.m in Sources */ = {isa = PBXBuildFile; fileRef = 189F96E21E48149A000DDF3C /* MASViewAttribute.m */; };
		189F96F61E48149A000DDF3C /* MASViewConstraint.m in Sources */ = {isa = PBXBuildFile; fileRef = 189F96E41E48149A000DDF3C /* MASViewConstraint.m */; };
		189F96F71E48149A000DDF3C /* NSArray+MASAdditions.m in Sources */ = {isa = PBXBuildFile; fileRef = 189F96E61E48149A000DDF3C /* NSArray+MASAdditions.m */; };
		189F96F81E48149A000DDF3C /* NSLayoutConstraint+MASDebugAdditions.m in Sources */ = {isa = PBXBuildFile; fileRef = 189F96E91E48149A000DDF3C /* NSLayoutConstraint+MASDebugAdditions.m */; };
		189F96F91E48149A000DDF3C /* View+MASAdditions.m in Sources */ = {isa = PBXBuildFile; fileRef = 189F96EB1E48149A000DDF3C /* View+MASAdditions.m */; };
		189F96FA1E48149A000DDF3C /* ViewController+MASAdditions.m in Sources */ = {isa = PBXBuildFile; fileRef = 189F96EE1E48149A000DDF3C /* ViewController+MASAdditions.m */; };
		189F96FB1E48149A000DDF3C /* README.md in Sources */ = {isa = PBXBuildFile; fileRef = 189F96EF1E48149A000DDF3C /* README.md */; };
/* End PBXBuildFile section */

/* Begin PBXContainerItemProxy section */
		185373311E481152005DE265 /* PBXContainerItemProxy */ = {
			isa = PBXContainerItemProxy;
			containerPortal = 1853730F1E481151005DE265 /* Project object */;
			proxyType = 1;
			remoteGlobalIDString = 185373161E481151005DE265;
			remoteInfo = TeddyStarDemo;
		};
/* End PBXContainerItemProxy section */

/* Begin PBXFileReference section */
		185373171E481151005DE265 /* TeddyStarDemo.app */ = {isa = PBXFileReference; explicitFileType = wrapper.application; includeInIndex = 0; path = TeddyStarDemo.app; sourceTree = BUILT_PRODUCTS_DIR; };
		1853731B1E481151005DE265 /* Info.plist */ = {isa = PBXFileReference; lastKnownFileType = text.plist.xml; path = Info.plist; sourceTree = "<group>"; };
		1853731C1E481151005DE265 /* main.m */ = {isa = PBXFileReference; lastKnownFileType = sourcecode.c.objc; path = main.m; sourceTree = "<group>"; };
		1853731E1E481151005DE265 /* AppDelegate.h */ = {isa = PBXFileReference; lastKnownFileType = sourcecode.c.h; path = AppDelegate.h; sourceTree = "<group>"; };
		1853731F1E481151005DE265 /* AppDelegate.m */ = {isa = PBXFileReference; lastKnownFileType = sourcecode.c.objc; path = AppDelegate.m; sourceTree = "<group>"; };
		185373211E481151005DE265 /* ViewController.h */ = {isa = PBXFileReference; lastKnownFileType = sourcecode.c.h; path = ViewController.h; sourceTree = "<group>"; };
		185373221E481151005DE265 /* ViewController.m */ = {isa = PBXFileReference; lastKnownFileType = sourcecode.c.objc; path = ViewController.m; sourceTree = "<group>"; };
		185373251E481151005DE265 /* Base */ = {isa = PBXFileReference; lastKnownFileType = file.storyboard; name = Base; path = Base.lproj/Main.storyboard; sourceTree = "<group>"; };
		185373271E481151005DE265 /* Images.xcassets */ = {isa = PBXFileReference; lastKnownFileType = folder.assetcatalog; path = Images.xcassets; sourceTree = "<group>"; };
		1853732A1E481152005DE265 /* Base */ = {isa = PBXFileReference; lastKnownFileType = file.xib; name = Base; path = Base.lproj/LaunchScreen.xib; sourceTree = "<group>"; };
		185373301E481152005DE265 /* TeddyStarDemoTests.xctest */ = {isa = PBXFileReference; explicitFileType = wrapper.cfbundle; includeInIndex = 0; path = TeddyStarDemoTests.xctest; sourceTree = BUILT_PRODUCTS_DIR; };
		185373351E481152005DE265 /* Info.plist */ = {isa = PBXFileReference; lastKnownFileType = text.plist.xml; path = Info.plist; sourceTree = "<group>"; };
		185373361E481152005DE265 /* TeddyStarDemoTests.m */ = {isa = PBXFileReference; lastKnownFileType = sourcecode.c.objc; path = TeddyStarDemoTests.m; sourceTree = "<group>"; };
		185373411E48116D005DE265 /* TedStarRateView.h */ = {isa = PBXFileReference; fileEncoding = 4; lastKnownFileType = sourcecode.c.h; path = TedStarRateView.h; sourceTree = "<group>"; };
		185373421E48116D005DE265 /* TedStarRateView.m */ = {isa = PBXFileReference; fileEncoding = 4; lastKnownFileType = sourcecode.c.objc; path = TedStarRateView.m; sourceTree = "<group>"; };
		185373441E4811A0005DE265 /* star_yellow@2x.png */ = {isa = PBXFileReference; lastKnownFileType = image.png; path = "star_yellow@2x.png"; sourceTree = "<group>"; };
		185373451E4811A0005DE265 /* star_gray@2x.png */ = {isa = PBXFileReference; lastKnownFileType = image.png; path = "star_gray@2x.png"; sourceTree = "<group>"; };
		185373481E481238005DE265 /* MakeScoreView.h */ = {isa = PBXFileReference; fileEncoding = 4; lastKnownFileType = sourcecode.c.h; path = MakeScoreView.h; sourceTree = "<group>"; };
		185373491E481238005DE265 /* MakeScoreView.m */ = {isa = PBXFileReference; fileEncoding = 4; lastKnownFileType = sourcecode.c.objc; path = MakeScoreView.m; sourceTree = "<group>"; };
		189F96D41E48149A000DDF3C /* LICENSE */ = {isa = PBXFileReference; fileEncoding = 4; lastKnownFileType = text; path = LICENSE; sourceTree = "<group>"; };
		189F96D61E48149A000DDF3C /* MASCompositeConstraint.h */ = {isa = PBXFileReference; fileEncoding = 4; lastKnownFileType = sourcecode.c.h; path = MASCompositeConstraint.h; sourceTree = "<group>"; };
		189F96D71E48149A000DDF3C /* MASCompositeConstraint.m */ = {isa = PBXFileReference; fileEncoding = 4; lastKnownFileType = sourcecode.c.objc; path = MASCompositeConstraint.m; sourceTree = "<group>"; };
		189F96D81E48149A000DDF3C /* MASConstraint+Private.h */ = {isa = PBXFileReference; fileEncoding = 4; lastKnownFileType = sourcecode.c.h; path = "MASConstraint+Private.h"; sourceTree = "<group>"; };
		189F96D91E48149A000DDF3C /* MASConstraint.h */ = {isa = PBXFileReference; fileEncoding = 4; lastKnownFileType = sourcecode.c.h; path = MASConstraint.h; sourceTree = "<group>"; };
		189F96DA1E48149A000DDF3C /* MASConstraint.m */ = {isa = PBXFileReference; fileEncoding = 4; lastKnownFileType = sourcecode.c.objc; path = MASConstraint.m; sourceTree = "<group>"; };
		189F96DB1E48149A000DDF3C /* MASConstraintMaker.h */ = {isa = PBXFileReference; fileEncoding = 4; lastKnownFileType = sourcecode.c.h; path = MASConstraintMaker.h; sourceTree = "<group>"; };
		189F96DC1E48149A000DDF3C /* MASConstraintMaker.m */ = {isa = PBXFileReference; fileEncoding = 4; lastKnownFileType = sourcecode.c.objc; path = MASConstraintMaker.m; sourceTree = "<group>"; };
		189F96DD1E48149A000DDF3C /* MASLayoutConstraint.h */ = {isa = PBXFileReference; fileEncoding = 4; lastKnownFileType = sourcecode.c.h; path = MASLayoutConstraint.h; sourceTree = "<group>"; };
		189F96DE1E48149A000DDF3C /* MASLayoutConstraint.m */ = {isa = PBXFileReference; fileEncoding = 4; lastKnownFileType = sourcecode.c.objc; path = MASLayoutConstraint.m; sourceTree = "<group>"; };
		189F96DF1E48149A000DDF3C /* Masonry.h */ = {isa = PBXFileReference; fileEncoding = 4; lastKnownFileType = sourcecode.c.h; path = Masonry.h; sourceTree = "<group>"; };
		189F96E01E48149A000DDF3C /* MASUtilities.h */ = {isa = PBXFileReference; fileEncoding = 4; lastKnownFileType = sourcecode.c.h; path = MASUtilities.h; sourceTree = "<group>"; };
		189F96E11E48149A000DDF3C /* MASViewAttribute.h */ = {isa = PBXFileReference; fileEncoding = 4; lastKnownFileType = sourcecode.c.h; path = MASViewAttribute.h; sourceTree = "<group>"; };
		189F96E21E48149A000DDF3C /* MASViewAttribute.m */ = {isa = PBXFileReference; fileEncoding = 4; lastKnownFileType = sourcecode.c.objc; path = MASViewAttribute.m; sourceTree = "<group>"; };
		189F96E31E48149A000DDF3C /* MASViewConstraint.h */ = {isa = PBXFileReference; fileEncoding = 4; lastKnownFileType = sourcecode.c.h; path = MASViewConstraint.h; sourceTree = "<group>"; };
		189F96E41E48149A000DDF3C /* MASViewConstraint.m */ = {isa = PBXFileReference; fileEncoding = 4; lastKnownFileType = sourcecode.c.objc; path = MASViewConstraint.m; sourceTree = "<group>"; };
		189F96E51E48149A000DDF3C /* NSArray+MASAdditions.h */ = {isa = PBXFileReference; fileEncoding = 4; lastKnownFileType = sourcecode.c.h; path = "NSArray+MASAdditions.h"; sourceTree = "<group>"; };
		189F96E61E48149A000DDF3C /* NSArray+MASAdditions.m */ = {isa = PBXFileReference; fileEncoding = 4; lastKnownFileType = sourcecode.c.objc; path = "NSArray+MASAdditions.m"; sourceTree = "<group>"; };
		189F96E71E48149A000DDF3C /* NSArray+MASShorthandAdditions.h */ = {isa = PBXFileReference; fileEncoding = 4; lastKnownFileType = sourcecode.c.h; path = "NSArray+MASShorthandAdditions.h"; sourceTree = "<group>"; };
		189F96E81E48149A000DDF3C /* NSLayoutConstraint+MASDebugAdditions.h */ = {isa = PBXFileReference; fileEncoding = 4; lastKnownFileType = sourcecode.c.h; path = "NSLayoutConstraint+MASDebugAdditions.h"; sourceTree = "<group>"; };
		189F96E91E48149A000DDF3C /* NSLayoutConstraint+MASDebugAdditions.m */ = {isa = PBXFileReference; fileEncoding = 4; lastKnownFileType = sourcecode.c.objc; path = "NSLayoutConstraint+MASDebugAdditions.m"; sourceTree = "<group>"; };
		189F96EA1E48149A000DDF3C /* View+MASAdditions.h */ = {isa = PBXFileReference; fileEncoding = 4; lastKnownFileType = sourcecode.c.h; path = "View+MASAdditions.h"; sourceTree = "<group>"; };
		189F96EB1E48149A000DDF3C /* View+MASAdditions.m */ = {isa = PBXFileReference; fileEncoding = 4; lastKnownFileType = sourcecode.c.objc; path = "View+MASAdditions.m"; sourceTree = "<group>"; };
		189F96EC1E48149A000DDF3C /* View+MASShorthandAdditions.h */ = {isa = PBXFileReference; fileEncoding = 4; lastKnownFileType = sourcecode.c.h; path = "View+MASShorthandAdditions.h"; sourceTree = "<group>"; };
		189F96ED1E48149A000DDF3C /* ViewController+MASAdditions.h */ = {isa = PBXFileReference; fileEncoding = 4; lastKnownFileType = sourcecode.c.h; path = "ViewController+MASAdditions.h"; sourceTree = "<group>"; };
		189F96EE1E48149A000DDF3C /* ViewController+MASAdditions.m */ = {isa = PBXFileReference; fileEncoding = 4; lastKnownFileType = sourcecode.c.objc; path = "ViewController+MASAdditions.m"; sourceTree = "<group>"; };
		189F96EF1E48149A000DDF3C /* README.md */ = {isa = PBXFileReference; fileEncoding = 4; lastKnownFileType = net.daringfireball.markdown; path = README.md; sourceTree = "<group>"; };
/* End PBXFileReference section */

/* Begin PBXFrameworksBuildPhase section */
		185373141E481151005DE265 /* Frameworks */ = {
			isa = PBXFrameworksBuildPhase;
			buildActionMask = 2147483647;
			files = (
			);
			runOnlyForDeploymentPostprocessing = 0;
		};
		1853732D1E481152005DE265 /* Frameworks */ = {
			isa = PBXFrameworksBuildPhase;
			buildActionMask = 2147483647;
			files = (
			);
			runOnlyForDeploymentPostprocessing = 0;
		};
/* End PBXFrameworksBuildPhase section */

/* Begin PBXGroup section */
		1853730E1E481151005DE265 = {
			isa = PBXGroup;
			children = (
				185373191E481151005DE265 /* TeddyStarDemo */,
				185373331E481152005DE265 /* TeddyStarDemoTests */,
				185373181E481151005DE265 /* Products */,
			);
			sourceTree = "<group>";
		};
		185373181E481151005DE265 /* Products */ = {
			isa = PBXGroup;
			children = (
				185373171E481151005DE265 /* TeddyStarDemo.app */,
				185373301E481152005DE265 /* TeddyStarDemoTests.xctest */,
			);
			name = Products;
			sourceTree = "<group>";
		};
		185373191E481151005DE265 /* TeddyStarDemo */ = {
			isa = PBXGroup;
			children = (
				189F96D31E48149A000DDF3C /* Masonry */,
				185373401E481162005DE265 /* StarView */,
				1853731E1E481151005DE265 /* AppDelegate.h */,
				1853731F1E481151005DE265 /* AppDelegate.m */,
				185373211E481151005DE265 /* ViewController.h */,
				185373221E481151005DE265 /* ViewController.m */,
				185373241E481151005DE265 /* Main.storyboard */,
				185373271E481151005DE265 /* Images.xcassets */,
				185373291E481152005DE265 /* LaunchScreen.xib */,
				1853731A1E481151005DE265 /* Supporting Files */,
			);
			path = TeddyStarDemo;
			sourceTree = "<group>";
		};
		1853731A1E481151005DE265 /* Supporting Files */ = {
			isa = PBXGroup;
			children = (
				1853731B1E481151005DE265 /* Info.plist */,
				1853731C1E481151005DE265 /* main.m */,
			);
			name = "Supporting Files";
			sourceTree = "<group>";
		};
		185373331E481152005DE265 /* TeddyStarDemoTests */ = {
			isa = PBXGroup;
			children = (
				185373361E481152005DE265 /* TeddyStarDemoTests.m */,
				185373341E481152005DE265 /* Supporting Files */,
			);
			path = TeddyStarDemoTests;
			sourceTree = "<group>";
		};
		185373341E481152005DE265 /* Supporting Files */ = {
			isa = PBXGroup;
			children = (
				185373351E481152005DE265 /* Info.plist */,
			);
			name = "Supporting Files";
			sourceTree = "<group>";
		};
		185373401E481162005DE265 /* StarView */ = {
			isa = PBXGroup;
			children = (
				185373441E4811A0005DE265 /* star_yellow@2x.png */,
				185373451E4811A0005DE265 /* star_gray@2x.png */,
				185373411E48116D005DE265 /* TedStarRateView.h */,
				185373421E48116D005DE265 /* TedStarRateView.m */,
				185373481E481238005DE265 /* MakeScoreView.h */,
				185373491E481238005DE265 /* MakeScoreView.m */,
			);
			name = StarView;
			sourceTree = "<group>";
		};
		189F96D31E48149A000DDF3C /* Masonry */ = {
			isa = PBXGroup;
			children = (
				189F96D41E48149A000DDF3C /* LICENSE */,
				189F96D51E48149A000DDF3C /* Masonry */,
				189F96EF1E48149A000DDF3C /* README.md */,
			);
			path = Masonry;
			sourceTree = "<group>";
		};
		189F96D51E48149A000DDF3C /* Masonry */ = {
			isa = PBXGroup;
			children = (
				189F96D61E48149A000DDF3C /* MASCompositeConstraint.h */,
				189F96D71E48149A000DDF3C /* MASCompositeConstraint.m */,
				189F96D81E48149A000DDF3C /* MASConstraint+Private.h */,
				189F96D91E48149A000DDF3C /* MASConstraint.h */,
				189F96DA1E48149A000DDF3C /* MASConstraint.m */,
				189F96DB1E48149A000DDF3C /* MASConstraintMaker.h */,
				189F96DC1E48149A000DDF3C /* MASConstraintMaker.m */,
				189F96DD1E48149A000DDF3C /* MASLayoutConstraint.h */,
				189F96DE1E48149A000DDF3C /* MASLayoutConstraint.m */,
				189F96DF1E48149A000DDF3C /* Masonry.h */,
				189F96E01E48149A000DDF3C /* MASUtilities.h */,
				189F96E11E48149A000DDF3C /* MASViewAttribute.h */,
				189F96E21E48149A000DDF3C /* MASViewAttribute.m */,
				189F96E31E48149A000DDF3C /* MASViewConstraint.h */,
				189F96E41E48149A000DDF3C /* MASViewConstraint.m */,
				189F96E51E48149A000DDF3C /* NSArray+MASAdditions.h */,
				189F96E61E48149A000DDF3C /* NSArray+MASAdditions.m */,
				189F96E71E48149A000DDF3C /* NSArray+MASShorthandAdditions.h */,
				189F96E81E48149A000DDF3C /* NSLayoutConstraint+MASDebugAdditions.h */,
				189F96E91E48149A000DDF3C /* NSLayoutConstraint+MASDebugAdditions.m */,
				189F96EA1E48149A000DDF3C /* View+MASAdditions.h */,
				189F96EB1E48149A000DDF3C /* View+MASAdditions.m */,
				189F96EC1E48149A000DDF3C /* View+MASShorthandAdditions.h */,
				189F96ED1E48149A000DDF3C /* ViewController+MASAdditions.h */,
				189F96EE1E48149A000DDF3C /* ViewController+MASAdditions.m */,
			);
			path = Masonry;
			sourceTree = "<group>";
		};
/* End PBXGroup section */

/* Begin PBXNativeTarget section */
		185373161E481151005DE265 /* TeddyStarDemo */ = {
			isa = PBXNativeTarget;
			buildConfigurationList = 1853733A1E481152005DE265 /* Build configuration list for PBXNativeTarget "TeddyStarDemo" */;
			buildPhases = (
				185373131E481151005DE265 /* Sources */,
				185373141E481151005DE265 /* Frameworks */,
				185373151E481151005DE265 /* Resources */,
			);
			buildRules = (
			);
			dependencies = (
			);
			name = TeddyStarDemo;
			productName = TeddyStarDemo;
			productReference = 185373171E481151005DE265 /* TeddyStarDemo.app */;
			productType = "com.apple.product-type.application";
		};
		1853732F1E481152005DE265 /* TeddyStarDemoTests */ = {
			isa = PBXNativeTarget;
			buildConfigurationList = 1853733D1E481152005DE265 /* Build configuration list for PBXNativeTarget "TeddyStarDemoTests" */;
			buildPhases = (
				1853732C1E481152005DE265 /* Sources */,
				1853732D1E481152005DE265 /* Frameworks */,
				1853732E1E481152005DE265 /* Resources */,
			);
			buildRules = (
			);
			dependencies = (
				185373321E481152005DE265 /* PBXTargetDependency */,
			);
			name = TeddyStarDemoTests;
			productName = TeddyStarDemoTests;
			productReference = 185373301E481152005DE265 /* TeddyStarDemoTests.xctest */;
			productType = "com.apple.product-type.bundle.unit-test";
		};
/* End PBXNativeTarget section */

/* Begin PBXProject section */
		1853730F1E481151005DE265 /* Project object */ = {
			isa = PBXProject;
			attributes = {
				LastUpgradeCheck = 0640;
				ORGANIZATIONNAME = apple;
				TargetAttributes = {
					185373161E481151005DE265 = {
						CreatedOnToolsVersion = 6.4;
					};
					1853732F1E481152005DE265 = {
						CreatedOnToolsVersion = 6.4;
						TestTargetID = 185373161E481151005DE265;
					};
				};
			};
			buildConfigurationList = 185373121E481151005DE265 /* Build configuration list for PBXProject "TeddyStarDemo" */;
			compatibilityVersion = "Xcode 3.2";
			developmentRegion = English;
			hasScannedForEncodings = 0;
			knownRegions = (
				en,
				Base,
			);
			mainGroup = 1853730E1E481151005DE265;
			productRefGroup = 185373181E481151005DE265 /* Products */;
			projectDirPath = "";
			projectRoot = "";
			targets = (
				185373161E481151005DE265 /* TeddyStarDemo */,
				1853732F1E481152005DE265 /* TeddyStarDemoTests */,
			);
		};
/* End PBXProject section */

/* Begin PBXResourcesBuildPhase section */
		185373151E481151005DE265 /* Resources */ = {
			isa = PBXResourcesBuildPhase;
			buildActionMask = 2147483647;
			files = (
				189F96F01E48149A000DDF3C /* LICENSE in Resources */,
				185373261E481151005DE265 /* Main.storyboard in Resources */,
				1853732B1E481152005DE265 /* LaunchScreen.xib in Resources */,
				185373471E4811A0005DE265 /* star_gray@2x.png in Resources */,
				185373281E481151005DE265 /* Images.xcassets in Resources */,
				185373461E4811A0005DE265 /* star_yellow@2x.png in Resources */,
			);
			runOnlyForDeploymentPostprocessing = 0;
		};
		1853732E1E481152005DE265 /* Resources */ = {
			isa = PBXResourcesBuildPhase;
			buildActionMask = 2147483647;
			files = (
			);
			runOnlyForDeploymentPostprocessing = 0;
		};
/* End PBXResourcesBuildPhase section */

/* Begin PBXSourcesBuildPhase section */
		185373131E481151005DE265 /* Sources */ = {
			isa = PBXSourcesBuildPhase;
			buildActionMask = 2147483647;
			files = (
				189F96F81E48149A000DDF3C /* NSLayoutConstraint+MASDebugAdditions.m in Sources */,
				185373231E481151005DE265 /* ViewController.m in Sources */,
				189F96F61E48149A000DDF3C /* MASViewConstraint.m in Sources */,
				185373201E481151005DE265 /* AppDelegate.m in Sources */,
				1853734A1E481238005DE265 /* MakeScoreView.m in Sources */,
				185373431E48116D005DE265 /* TedStarRateView.m in Sources */,
				189F96FB1E48149A000DDF3C /* README.md in Sources */,
				189F96F91E48149A000DDF3C /* View+MASAdditions.m in Sources */,
				189F96F11E48149A000DDF3C /* MASCompositeConstraint.m in Sources */,
				189F96F51E48149A000DDF3C /* MASViewAttribute.m in Sources */,
				189F96F31E48149A000DDF3C /* MASConstraintMaker.m in Sources */,
				189F96F71E48149A000DDF3C /* NSArray+MASAdditions.m in Sources */,
				189F96FA1E48149A000DDF3C /* ViewController+MASAdditions.m in Sources */,
				189F96F21E48149A000DDF3C /* MASConstraint.m in Sources */,
				189F96F41E48149A000DDF3C /* MASLayoutConstraint.m in Sources */,
				1853731D1E481151005DE265 /* main.m in Sources */,
			);
			runOnlyForDeploymentPostprocessing = 0;
		};
		1853732C1E481152005DE265 /* Sources */ = {
			isa = PBXSourcesBuildPhase;
			buildActionMask = 2147483647;
			files = (
				185373371E481152005DE265 /* TeddyStarDemoTests.m in Sources */,
			);
			runOnlyForDeploymentPostprocessing = 0;
		};
/* End PBXSourcesBuildPhase section */

/* Begin PBXTargetDependency section */
		185373321E481152005DE265 /* PBXTargetDependency */ = {
			isa = PBXTargetDependency;
			target = 185373161E481151005DE265 /* TeddyStarDemo */;
			targetProxy = 185373311E481152005DE265 /* PBXContainerItemProxy */;
		};
/* End PBXTargetDependency section */

/* Begin PBXVariantGroup section */
		185373241E481151005DE265 /* Main.storyboard */ = {
			isa = PBXVariantGroup;
			children = (
				185373251E481151005DE265 /* Base */,
			);
			name = Main.storyboard;
			sourceTree = "<group>";
		};
		185373291E481152005DE265 /* LaunchScreen.xib */ = {
			isa = PBXVariantGroup;
			children = (
				1853732A1E481152005DE265 /* Base */,
			);
			name = LaunchScreen.xib;
			sourceTree = "<group>";
		};
/* End PBXVariantGroup section */

/* Begin XCBuildConfiguration section */
		185373381E481152005DE265 /* Debug */ = {
			isa = XCBuildConfiguration;
			buildSettings = {
				ALWAYS_SEARCH_USER_PATHS = NO;
				CLANG_CXX_LANGUAGE_STANDARD = "gnu++0x";
				CLANG_CXX_LIBRARY = "libc++";
				CLANG_ENABLE_MODULES = YES;
				CLANG_ENABLE_OBJC_ARC = YES;
				CLANG_WARN_BOOL_CONVERSION = YES;
				CLANG_WARN_CONSTANT_CONVERSION = YES;
				CLANG_WARN_DIRECT_OBJC_ISA_USAGE = YES_ERROR;
				CLANG_WARN_EMPTY_BODY = YES;
				CLANG_WARN_ENUM_CONVERSION = YES;
				CLANG_WARN_INT_CONVERSION = YES;
				CLANG_WARN_OBJC_ROOT_CLASS = YES_ERROR;
				CLANG_WARN_UNREACHABLE_CODE = YES;
				CLANG_WARN__DUPLICATE_METHOD_MATCH = YES;
				"CODE_SIGN_IDENTITY[sdk=iphoneos*]" = "iPhone Developer";
				COPY_PHASE_STRIP = NO;
				DEBUG_INFORMATION_FORMAT = "dwarf-with-dsym";
				ENABLE_STRICT_OBJC_MSGSEND = YES;
				GCC_C_LANGUAGE_STANDARD = gnu99;
				GCC_DYNAMIC_NO_PIC = NO;
				GCC_NO_COMMON_BLOCKS = YES;
				GCC_OPTIMIZATION_LEVEL = 0;
				GCC_PREPROCESSOR_DEFINITIONS = (
					"DEBUG=1",
					"$(inherited)",
				);
				GCC_SYMBOLS_PRIVATE_EXTERN = NO;
				GCC_WARN_64_TO_32_BIT_CONVERSION = YES;
				GCC_WARN_ABOUT_RETURN_TYPE = YES_ERROR;
				GCC_WARN_UNDECLARED_SELECTOR = YES;
				GCC_WARN_UNINITIALIZED_AUTOS = YES_AGGRESSIVE;
				GCC_WARN_UNUSED_FUNCTION = YES;
				GCC_WARN_UNUSED_VARIABLE = YES;
				IPHONEOS_DEPLOYMENT_TARGET = 8.4;
				MTL_ENABLE_DEBUG_INFO = YES;
				ONLY_ACTIVE_ARCH = YES;
				SDKROOT = iphoneos;
			};
			name = Debug;
		};
		185373391E481152005DE265 /* Release */ = {
			isa = XCBuildConfiguration;
			buildSettings = {
				ALWAYS_SEARCH_USER_PATHS = NO;
				CLANG_CXX_LANGUAGE_STANDARD = "gnu++0x";
				CLANG_CXX_LIBRARY = "libc++";
				CLANG_ENABLE_MODULES = YES;
				CLANG_ENABLE_OBJC_ARC = YES;
				CLANG_WARN_BOOL_CONVERSION = YES;
				CLANG_WARN_CONSTANT_CONVERSION = YES;
				CLANG_WARN_DIRECT_OBJC_ISA_USAGE = YES_ERROR;
				CLANG_WARN_EMPTY_BODY = YES;
				CLANG_WARN_ENUM_CONVERSION = YES;
				CLANG_WARN_INT_CONVERSION = YES;
				CLANG_WARN_OBJC_ROOT_CLASS = YES_ERROR;
				CLANG_WARN_UNREACHABLE_CODE = YES;
				CLANG_WARN__DUPLICATE_METHOD_MATCH = YES;
				"CODE_SIGN_IDENTITY[sdk=iphoneos*]" = "iPhone Developer";
				COPY_PHASE_STRIP = NO;
				DEBUG_INFORMATION_FORMAT = "dwarf-with-dsym";
				ENABLE_NS_ASSERTIONS = NO;
				ENABLE_STRICT_OBJC_MSGSEND = YES;
				GCC_C_LANGUAGE_STANDARD = gnu99;
				GCC_NO_COMMON_BLOCKS = YES;
				GCC_WARN_64_TO_32_BIT_CONVERSION = YES;
				GCC_WARN_ABOUT_RETURN_TYPE = YES_ERROR;
				GCC_WARN_UNDECLARED_SELECTOR = YES;
				GCC_WARN_UNINITIALIZED_AUTOS = YES_AGGRESSIVE;
				GCC_WARN_UNUSED_FUNCTION = YES;
				GCC_WARN_UNUSED_VARIABLE = YES;
				IPHONEOS_DEPLOYMENT_TARGET = 8.4;
				MTL_ENABLE_DEBUG_INFO = NO;
				SDKROOT = iphoneos;
				VALIDATE_PRODUCT = YES;
			};
			name = Release;
		};
		1853733B1E481152005DE265 /* Debug */ = {
			isa = XCBuildConfiguration;
			buildSettings = {
				ASSETCATALOG_COMPILER_APPICON_NAME = AppIcon;
				INFOPLIST_FILE = TeddyStarDemo/Info.plist;
				LD_RUNPATH_SEARCH_PATHS = "$(inherited) @executable_path/Frameworks";
				PRODUCT_NAME = "$(TARGET_NAME)";
			};
			name = Debug;
		};
		1853733C1E481152005DE265 /* Release */ = {
			isa = XCBuildConfiguration;
			buildSettings = {
				ASSETCATALOG_COMPILER_APPICON_NAME = AppIcon;
				INFOPLIST_FILE = TeddyStarDemo/Info.plist;
				LD_RUNPATH_SEARCH_PATHS = "$(inherited) @executable_path/Frameworks";
				PRODUCT_NAME = "$(TARGET_NAME)";
			};
			name = Release;
		};
		1853733E1E481152005DE265 /* Debug */ = {
			isa = XCBuildConfiguration;
			buildSettings = {
				BUNDLE_LOADER = "$(TEST_HOST)";
				FRAMEWORK_SEARCH_PATHS = (
					"$(SDKROOT)/Developer/Library/Frameworks",
					"$(inherited)",
				);
				GCC_PREPROCESSOR_DEFINITIONS = (
					"DEBUG=1",
					"$(inherited)",
				);
				INFOPLIST_FILE = TeddyStarDemoTests/Info.plist;
				LD_RUNPATH_SEARCH_PATHS = "$(inherited) @executable_path/Frameworks @loader_path/Frameworks";
				PRODUCT_NAME = "$(TARGET_NAME)";
				TEST_HOST = "$(BUILT_PRODUCTS_DIR)/TeddyStarDemo.app/TeddyStarDemo";
			};
			name = Debug;
		};
		1853733F1E481152005DE265 /* Release */ = {
			isa = XCBuildConfiguration;
			buildSettings = {
				BUNDLE_LOADER = "$(TEST_HOST)";
				FRAMEWORK_SEARCH_PATHS = (
					"$(SDKROOT)/Developer/Library/Frameworks",
					"$(inherited)",
				);
				INFOPLIST_FILE = TeddyStarDemoTests/Info.plist;
				LD_RUNPATH_SEARCH_PATHS = "$(inherited) @executable_path/Frameworks @loader_path/Frameworks";
				PRODUCT_NAME = "$(TARGET_NAME)";
				TEST_HOST = "$(BUILT_PRODUCTS_DIR)/TeddyStarDemo.app/TeddyStarDemo";
			};
			name = Release;
		};
/* End XCBuildConfiguration section */

/* Begin XCConfigurationList section */
		185373121E481151005DE265 /* Build configuration list for PBXProject "TeddyStarDemo" */ = {
			isa = XCConfigurationList;
			buildConfigurations = (
				185373381E481152005DE265 /* Debug */,
				185373391E481152005DE265 /* Release */,
			);
			defaultConfigurationIsVisible = 0;
			defaultConfigurationName = Release;
		};
		1853733A1E481152005DE265 /* Build configuration list for PBXNativeTarget "TeddyStarDemo" */ = {
			isa = XCConfigurationList;
			buildConfigurations = (
				1853733B1E481152005DE265 /* Debug */,
				1853733C1E481152005DE265 /* Release */,
			);
			defaultConfigurationIsVisible = 0;
			defaultConfigurationName = Release;
		};
		1853733D1E481152005DE265 /* Build configuration list for PBXNativeTarget "TeddyStarDemoTests" */ = {
			isa = XCConfigurationList;
			buildConfigurations = (
				1853733E1E481152005DE265 /* Debug */,
				1853733F1E481152005DE265 /* Release */,
			);
			defaultConfigurationIsVisible = 0;
			defaultConfigurationName = Release;
		};
/* End XCConfigurationList section */
	};
	rootObject = 1853730F1E481151005DE265 /* Project object */;
}
